
Microsoft Visual Studio Solution File, Format Version 12.00
# Visual Studio 2012
Project("{FAE04EC0-301F-11D3-BF4B-00C04F79EFBC}") = "TvShowTodo.iOS", "iOS\TvShowTodo.iOS.csproj", "{D135213B-E49F-4D95-8AF8-0CDEAC5D5EA7}"
EndProject
Project("{FAE04EC0-301F-11D3-BF4B-00C04F79EFBC}") = "TvShowTodo.Droid", "Droid\TvShowTodo.Droid.csproj", "{978EAFAD-7FDA-436D-B4C7-C5B1D68CE26D}"
EndProject
Project("{D954291E-2A0B-460D-934E-DC6B0785DB48}") = "TvShowTodo", "TvShowTodo\TvShowTodo.shproj", "{E5CF95FD-2AE4-4834-AE6F-EA2FBE18C59A}"
EndProject
Global
	GlobalSection(SolutionConfigurationPlatforms) = preSolution
		Debug|iPhoneSimulator = Debug|iPhoneSimulator
		Release|iPhone = Release|iPhone
		Release|iPhoneSimulator = Release|iPhoneSimulator
		Debug|iPhone = Debug|iPhone
		Debug|Any CPU = Debug|Any CPU
		Release|Any CPU = Release|Any CPU
	EndGlobalSection
	GlobalSection(ProjectConfigurationPlatforms) = postSolution
		{D135213B-E49F-4D95-8AF8-0CDEAC5D5EA7}.Debug|iPhoneSimulator.ActiveCfg = Debug|iPhoneSimulator
		{D135213B-E49F-4D95-8AF8-0CDEAC5D5EA7}.Debug|iPhoneSimulator.Build.0 = Debug|iPhoneSimulator
		{D135213B-E49F-4D95-8AF8-0CDEAC5D5EA7}.Release|iPhone.ActiveCfg = Release|iPhone
		{D135213B-E49F-4D95-8AF8-0CDEAC5D5EA7}.Release|iPhone.Build.0 = Release|iPhone
		{D135213B-E49F-4D95-8AF8-0CDEAC5D5EA7}.Release|iPhoneSimulator.ActiveCfg = Release|iPhoneSimulator
		{D135213B-E49F-4D95-8AF8-0CDEAC5D5EA7}.Release|iPhoneSimulator.Build.0 = Release|iPhoneSimulator
		{D135213B-E49F-4D95-8AF8-0CDEAC5D5EA7}.Debug|iPhone.ActiveCfg = Debug|iPhone
		{D135213B-E49F-4D95-8AF8-0CDEAC5D5EA7}.Debug|iPhone.Build.0 = Debug|iPhone
		{D135213B-E49F-4D95-8AF8-0CDEAC5D5EA7}.Debug|Any CPU.ActiveCfg = Debug|iPhoneSimulator
		{D135213B-E49F-4D95-8AF8-0CDEAC5D5EA7}.Debug|Any CPU.Build.0 = Debug|iPhoneSimulator
		{D135213B-E49F-4D95-8AF8-0CDEAC5D5EA7}.Release|Any CPU.ActiveCfg = Release|iPhone
		{D135213B-E49F-4D95-8AF8-0CDEAC5D5EA7}.Release|Any CPU.Build.0 = Release|iPhone
		{978EAFAD-7FDA-436D-B4C7-C5B1D68CE26D}.Debug|iPhoneSimulator.ActiveCfg = Debug|Any CPU
		{978EAFAD-7FDA-436D-B4C7-C5B1D68CE26D}.Debug|iPhoneSimulator.Build.0 = Debug|Any CPU
		{978EAFAD-7FDA-436D-B4C7-C5B1D68CE26D}.Release|iPhone.ActiveCfg = Release|Any CPU
		{978EAFAD-7FDA-436D-B4C7-C5B1D68CE26D}.Release|iPhone.Build.0 = Release|Any CPU
		{978EAFAD-7FDA-436D-B4C7-C5B1D68CE26D}.Release|iPhoneSimulator.ActiveCfg = Release|Any CPU
		{978EAFAD-7FDA-436D-B4C7-C5B1D68CE26D}.Release|iPhoneSimulator.Build.0 = Release|Any CPU
		{978EAFAD-7FDA-436D-B4C7-C5B1D68CE26D}.Debug|iPhone.ActiveCfg = Debug|Any CPU
		{978EAFAD-7FDA-436D-B4C7-C5B1D68CE26D}.Debug|iPhone.Build.0 = Debug|Any CPU
		{978EAFAD-7FDA-436D-B4C7-C5B1D68CE26D}.Debug|Any CPU.ActiveCfg = Debug|Any CPU
		{978EAFAD-7FDA-436D-B4C7-C5B1D68CE26D}.Debug|Any CPU.Build.0 = Debug|Any CPU
		{978EAFAD-7FDA-436D-B4C7-C5B1D68CE26D}.Release|Any CPU.ActiveCfg = Release|Any CPU
		{978EAFAD-7FDA-436D-B4C7-C5B1D68CE26D}.Release|Any CPU.Build.0 = Release|Any CPU
	EndGlobalSection
EndGlobal
